// !$*UTF8*$!
{
	archiveVersion = 1;
	classes = {
	};
	objectVersion = 56;
	objects = {

/* Begin PBXBuildFile section */
		0F31287B2CAB28270090C95D /* AppDelegate.swift in Sources */ = {isa = PBXBuildFile; fileRef = 0F31287A2CAB28270090C95D /* AppDelegate.swift */; };
		0F31287D2CAB28270090C95D /* SceneDelegate.swift in Sources */ = {isa = PBXBuildFile; fileRef = 0F31287C2CAB28270090C95D /* SceneDelegate.swift */; };
		0F31287F2CAB28270090C95D /* Homepage.swift in Sources */ = {isa = PBXBuildFile; fileRef = 0F31287E2CAB28270090C95D /* Homepage.swift */; };
		0F3128822CAB28270090C95D /* Base in Resources */ = {isa = PBXBuildFile; fileRef = 0F3128812CAB28270090C95D /* Base */; };
		0F3128842CAB28280090C95D /* Assets.xcassets in Resources */ = {isa = PBXBuildFile; fileRef = 0F3128832CAB28280090C95D /* Assets.xcassets */; };
		0F3128872CAB28280090C95D /* Base in Resources */ = {isa = PBXBuildFile; fileRef = 0F3128862CAB28280090C95D /* Base */; };
		0F3B667A2CAECC27008A365E /* Montserrat-Regular.ttf in Resources */ = {isa = PBXBuildFile; fileRef = 0F3B66792CAECC27008A365E /* Montserrat-Regular.ttf */; };
		0F3B667C2CAECFF1008A365E /* Montserrat-Bold.ttf in Resources */ = {isa = PBXBuildFile; fileRef = 0F3B667B2CAECFF1008A365E /* Montserrat-Bold.ttf */; };
		0FD7689C2CAD39D70064D658 /* Events.swift in Sources */ = {isa = PBXBuildFile; fileRef = 0FD7689B2CAD39D70064D658 /* Events.swift */; };
		0FD7689E2CAD46CD0064D658 /* EventsDataSource.swift in Sources */ = {isa = PBXBuildFile; fileRef = 0FD7689D2CAD46CD0064D658 /* EventsDataSource.swift */; };
		0FD768A02CAD64FA0064D658 /* EventsCell.swift in Sources */ = {isa = PBXBuildFile; fileRef = 0FD7689F2CAD64FA0064D658 /* EventsCell.swift */; };
/* End PBXBuildFile section */

/* Begin PBXFileReference section */
		0F3128772CAB28270090C95D /* bubilet-homepage-clone.app */ = {isa = PBXFileReference; explicitFileType = wrapper.application; includeInIndex = 0; path = "bubilet-homepage-clone.app"; sourceTree = BUILT_PRODUCTS_DIR; };
		0F31287A2CAB28270090C95D /* AppDelegate.swift */ = {isa = PBXFileReference; lastKnownFileType = sourcecode.swift; path = AppDelegate.swift; sourceTree = "<group>"; };
		0F31287C2CAB28270090C95D /* SceneDelegate.swift */ = {isa = PBXFileReference; lastKnownFileType = sourcecode.swift; path = SceneDelegate.swift; sourceTree = "<group>"; };
		0F31287E2CAB28270090C95D /* Homepage.swift */ = {isa = PBXFileReference; lastKnownFileType = sourcecode.swift; path = Homepage.swift; sourceTree = "<group>"; };
		0F3128812CAB28270090C95D /* Base */ = {isa = PBXFileReference; lastKnownFileType = file.storyboard; name = Base; path = Base.lproj/Main.storyboard; sourceTree = "<group>"; };
		0F3128832CAB28280090C95D /* Assets.xcassets */ = {isa = PBXFileReference; lastKnownFileType = folder.assetcatalog; path = Assets.xcassets; sourceTree = "<group>"; };
		0F3128862CAB28280090C95D /* Base */ = {isa = PBXFileReference; lastKnownFileType = file.storyboard; name = Base; path = Base.lproj/LaunchScreen.storyboard; sourceTree = "<group>"; };
		0F3128882CAB28280090C95D /* Info.plist */ = {isa = PBXFileReference; lastKnownFileType = text.plist.xml; path = Info.plist; sourceTree = "<group>"; };
		0F3B66792CAECC27008A365E /* Montserrat-Regular.ttf */ = {isa = PBXFileReference; lastKnownFileType = file; path = "Montserrat-Regular.ttf"; sourceTree = "<group>"; };
		0F3B667B2CAECFF1008A365E /* Montserrat-Bold.ttf */ = {isa = PBXFileReference; lastKnownFileType = file; path = "Montserrat-Bold.ttf"; sourceTree = "<group>"; };
		0F3B667D2CAF14A9008A365E /* README.md */ = {isa = PBXFileReference; lastKnownFileType = net.daringfireball.markdown; path = README.md; sourceTree = "<group>"; };
		0FD7689B2CAD39D70064D658 /* Events.swift */ = {isa = PBXFileReference; lastKnownFileType = sourcecode.swift; path = Events.swift; sourceTree = "<group>"; };
		0FD7689D2CAD46CD0064D658 /* EventsDataSource.swift */ = {isa = PBXFileReference; lastKnownFileType = sourcecode.swift; path = EventsDataSource.swift; sourceTree = "<group>"; };
		0FD7689F2CAD64FA0064D658 /* EventsCell.swift */ = {isa = PBXFileReference; lastKnownFileType = sourcecode.swift; path = EventsCell.swift; sourceTree = "<group>"; };
/* End PBXFileReference section */

/* Begin PBXFrameworksBuildPhase section */
		0F3128742CAB28270090C95D /* Frameworks */ = {
			isa = PBXFrameworksBuildPhase;
			buildActionMask = 2147483647;
			files = (
			);
			runOnlyForDeploymentPostprocessing = 0;
		};
/* End PBXFrameworksBuildPhase section */

/* Begin PBXGroup section */
		0F31286E2CAB28270090C95D = {
			isa = PBXGroup;
			children = (
				0F3B667D2CAF14A9008A365E /* README.md */,
				0F3128792CAB28270090C95D /* bubilet-homepage-clone */,
				0F3128782CAB28270090C95D /* Products */,
			);
			sourceTree = "<group>";
		};
		0F3128782CAB28270090C95D /* Products */ = {
			isa = PBXGroup;
			children = (
				0F3128772CAB28270090C95D /* bubilet-homepage-clone.app */,
			);
			name = Products;
			sourceTree = "<group>";
		};
		0F3128792CAB28270090C95D /* bubilet-homepage-clone */ = {
			isa = PBXGroup;
			children = (
				0F3B66782CAECBDC008A365E /* Fonts */,
				0F31287A2CAB28270090C95D /* AppDelegate.swift */,
				0F31287C2CAB28270090C95D /* SceneDelegate.swift */,
				0FD768952CAD38760064D658 /* ui */,
				0FD768992CAD38C50064D658 /* data */,
				0F3128802CAB28270090C95D /* Main.storyboard */,
				0F3128832CAB28280090C95D /* Assets.xcassets */,
				0F3128852CAB28280090C95D /* LaunchScreen.storyboard */,
				0F3128882CAB28280090C95D /* Info.plist */,
			);
			path = "bubilet-homepage-clone";
			sourceTree = "<group>";
		};
		0F3B66782CAECBDC008A365E /* Fonts */ = {
			isa = PBXGroup;
			children = (
				0F3B66792CAECC27008A365E /* Montserrat-Regular.ttf */,
				0F3B667B2CAECFF1008A365E /* Montserrat-Bold.ttf */,
			);
			path = Fonts;
			sourceTree = "<group>";
		};
		0FD768952CAD38760064D658 /* ui */ = {
			isa = PBXGroup;
			children = (
				0FD768962CAD387F0064D658 /* collectionview */,
				0FD768972CAD38930064D658 /* views */,
			);
			path = ui;
			sourceTree = "<group>";
		};
		0FD768962CAD387F0064D658 /* collectionview */ = {
			isa = PBXGroup;
			children = (
				0FD7689F2CAD64FA0064D658 /* EventsCell.swift */,
			);
			path = collectionview;
			sourceTree = "<group>";
		};
		0FD768972CAD38930064D658 /* views */ = {
			isa = PBXGroup;
			children = (
				0F31287E2CAB28270090C95D /* Homepage.swift */,
			);
			path = views;
			sourceTree = "<group>";
		};
		0FD768992CAD38C50064D658 /* data */ = {
			isa = PBXGroup;
			children = (
				0FD7689A2CAD38DB0064D658 /* entity */,
			);
			path = data;
			sourceTree = "<group>";
		};
		0FD7689A2CAD38DB0064D658 /* entity */ = {
			isa = PBXGroup;
			children = (
				0FD7689B2CAD39D70064D658 /* Events.swift */,
				0FD7689D2CAD46CD0064D658 /* EventsDataSource.swift */,
			);
			path = entity;
			sourceTree = "<group>";
		};
/* End PBXGroup section */

/* Begin PBXNativeTarget section */
		0F3128762CAB28270090C95D /* bubilet-homepage-clone */ = {
			isa = PBXNativeTarget;
			buildConfigurationList = 0F31288B2CAB28280090C95D /* Build configuration list for PBXNativeTarget "bubilet-homepage-clone" */;
			buildPhases = (
				0F3128732CAB28270090C95D /* Sources */,
				0F3128742CAB28270090C95D /* Frameworks */,
				0F3128752CAB28270090C95D /* Resources */,
			);
			buildRules = (
			);
			dependencies = (
			);
			name = "bubilet-homepage-clone";
			productName = "bubilet-homepage-clone";
			productReference = 0F3128772CAB28270090C95D /* bubilet-homepage-clone.app */;
			productType = "com.apple.product-type.application";
		};
/* End PBXNativeTarget section */

/* Begin PBXProject section */
		0F31286F2CAB28270090C95D /* Project object */ = {
			isa = PBXProject;
			attributes = {
				BuildIndependentTargetsInParallel = 1;
				LastSwiftUpdateCheck = 1540;
				LastUpgradeCheck = 1540;
				TargetAttributes = {
					0F3128762CAB28270090C95D = {
						CreatedOnToolsVersion = 15.4;
					};
				};
			};
			buildConfigurationList = 0F3128722CAB28270090C95D /* Build configuration list for PBXProject "bubilet-homepage-clone" */;
			compatibilityVersion = "Xcode 14.0";
			developmentRegion = en;
			hasScannedForEncodings = 0;
			knownRegions = (
				en,
				Base,
			);
			mainGroup = 0F31286E2CAB28270090C95D;
			productRefGroup = 0F3128782CAB28270090C95D /* Products */;
			projectDirPath = "";
			projectRoot = "";
			targets = (
				0F3128762CAB28270090C95D /* bubilet-homepage-clone */,
			);
		};
/* End PBXProject section */

/* Begin PBXResourcesBuildPhase section */
		0F3128752CAB28270090C95D /* Resources */ = {
			isa = PBXResourcesBuildPhase;
			buildActionMask = 2147483647;
			files = (
				0F3B667C2CAECFF1008A365E /* Montserrat-Bold.ttf in Resources */,
				0F3B667A2CAECC27008A365E /* Montserrat-Regular.ttf in Resources */,
				0F3128842CAB28280090C95D /* Assets.xcassets in Resources */,
				0F3128872CAB28280090C95D /* Base in Resources */,
				0F3128822CAB28270090C95D /* Base in Resources */,
			);
			runOnlyForDeploymentPostprocessing = 0;
		};
/* End PBXResourcesBuildPhase section */

/* Begin PBXSourcesBuildPhase section */
		0F3128732CAB28270090C95D /* Sources */ = {
			isa = PBXSourcesBuildPhase;
			buildActionMask = 2147483647;
			files = (
				0FD768A02CAD64FA0064D658 /* EventsCell.swift in Sources */,
				0FD7689C2CAD39D70064D658 /* Events.swift in Sources */,
				0F31287F2CAB28270090C95D /* Homepage.swift in Sources */,
				0F31287B2CAB28270090C95D /* AppDelegate.swift in Sources */,
				0F31287D2CAB28270090C95D /* SceneDelegate.swift in Sources */,
				0FD7689E2CAD46CD0064D658 /* EventsDataSource.swift in Sources */,
			);
			runOnlyForDeploymentPostprocessing = 0;
		};
/* End PBXSourcesBuildPhase section */

/* Begin PBXVariantGroup section */
		0F3128802CAB28270090C95D /* Main.storyboard */ = {
			isa = PBXVariantGroup;
			children = (
				0F3128812CAB28270090C95D /* Base */,
			);
			name = Main.storyboard;
			sourceTree = "<group>";
		};
		0F3128852CAB28280090C95D /* LaunchScreen.storyboard */ = {
			isa = PBXVariantGroup;
			children = (
				0F3128862CAB28280090C95D /* Base */,
			);
			name = LaunchScreen.storyboard;
			sourceTree = "<group>";
		};
/* End PBXVariantGroup section */

/* Begin XCBuildConfiguration section */
		0F3128892CAB28280090C95D /* Debug */ = {
			isa = XCBuildConfiguration;
			buildSettings = {
				ALWAYS_SEARCH_USER_PATHS = NO;
				ASSETCATALOG_COMPILER_GENERATE_SWIFT_ASSET_SYMBOL_EXTENSIONS = YES;
				CLANG_ANALYZER_NONNULL = YES;
				CLANG_ANALYZER_NUMBER_OBJECT_CONVERSION = YES_AGGRESSIVE;
				CLANG_CXX_LANGUAGE_STANDARD = "gnu++20";
				CLANG_ENABLE_MODULES = YES;
				CLANG_ENABLE_OBJC_ARC = YES;
				CLANG_ENABLE_OBJC_WEAK = YES;
				CLANG_WARN_BLOCK_CAPTURE_AUTORELEASING = YES;
				CLANG_WARN_BOOL_CONVERSION = YES;
				CLANG_WARN_COMMA = YES;
				CLANG_WARN_CONSTANT_CONVERSION = YES;
				CLANG_WARN_DEPRECATED_OBJC_IMPLEMENTATIONS = YES;
				CLANG_WARN_DIRECT_OBJC_ISA_USAGE = YES_ERROR;
				CLANG_WARN_DOCUMENTATION_COMMENTS = YES;
				CLANG_WARN_EMPTY_BODY = YES;
				CLANG_WARN_ENUM_CONVERSION = YES;
				CLANG_WARN_INFINITE_RECURSION = YES;
				CLANG_WARN_INT_CONVERSION = YES;
				CLANG_WARN_NON_LITERAL_NULL_CONVERSION = YES;
				CLANG_WARN_OBJC_IMPLICIT_RETAIN_SELF = YES;
				CLANG_WARN_OBJC_LITERAL_CONVERSION = YES;
				CLANG_WARN_OBJC_ROOT_CLASS = YES_ERROR;
				CLANG_WARN_QUOTED_INCLUDE_IN_FRAMEWORK_HEADER = YES;
				CLANG_WARN_RANGE_LOOP_ANALYSIS = YES;
				CLANG_WARN_STRICT_PROTOTYPES = YES;
				CLANG_WARN_SUSPICIOUS_MOVE = YES;
				CLANG_WARN_UNGUARDED_AVAILABILITY = YES_AGGRESSIVE;
				CLANG_WARN_UNREACHABLE_CODE = YES;
				CLANG_WARN__DUPLICATE_METHOD_MATCH = YES;
				COPY_PHASE_STRIP = NO;
				DEBUG_INFORMATION_FORMAT = dwarf;
				ENABLE_STRICT_OBJC_MSGSEND = YES;
				ENABLE_TESTABILITY = YES;
				ENABLE_USER_SCRIPT_SANDBOXING = YES;
				GCC_C_LANGUAGE_STANDARD = gnu17;
				GCC_DYNAMIC_NO_PIC = NO;
				GCC_NO_COMMON_BLOCKS = YES;
				GCC_OPTIMIZATION_LEVEL = 0;
				GCC_PREPROCESSOR_DEFINITIONS = (
					"DEBUG=1",
					"$(inherited)",
				);
				GCC_WARN_64_TO_32_BIT_CONVERSION = YES;
				GCC_WARN_ABOUT_RETURN_TYPE = YES_ERROR;
				GCC_WARN_UNDECLARED_SELECTOR = YES;
				GCC_WARN_UNINITIALIZED_AUTOS = YES_AGGRESSIVE;
				GCC_WARN_UNUSED_FUNCTION = YES;
				GCC_WARN_UNUSED_VARIABLE = YES;
				IPHONEOS_DEPLOYMENT_TARGET = 17.5;
				LOCALIZATION_PREFERS_STRING_CATALOGS = YES;
				MTL_ENABLE_DEBUG_INFO = INCLUDE_SOURCE;
				MTL_FAST_MATH = YES;
				ONLY_ACTIVE_ARCH = YES;
				SDKROOT = iphoneos;
				SWIFT_ACTIVE_COMPILATION_CONDITIONS = "DEBUG $(inherited)";
				SWIFT_OPTIMIZATION_LEVEL = "-Onone";
			};
			name = Debug;
		};
		0F31288A2CAB28280090C95D /* Release */ = {
			isa = XCBuildConfiguration;
			buildSettings = {
				ALWAYS_SEARCH_USER_PATHS = NO;
				ASSETCATALOG_COMPILER_GENERATE_SWIFT_ASSET_SYMBOL_EXTENSIONS = YES;
				CLANG_ANALYZER_NONNULL = YES;
				CLANG_ANALYZER_NUMBER_OBJECT_CONVERSION = YES_AGGRESSIVE;
				CLANG_CXX_LANGUAGE_STANDARD = "gnu++20";
				CLANG_ENABLE_MODULES = YES;
				CLANG_ENABLE_OBJC_ARC = YES;
				CLANG_ENABLE_OBJC_WEAK = YES;
				CLANG_WARN_BLOCK_CAPTURE_AUTORELEASING = YES;
				CLANG_WARN_BOOL_CONVERSION = YES;
				CLANG_WARN_COMMA = YES;
				CLANG_WARN_CONSTANT_CONVERSION = YES;
				CLANG_WARN_DEPRECATED_OBJC_IMPLEMENTATIONS = YES;
				CLANG_WARN_DIRECT_OBJC_ISA_USAGE = YES_ERROR;
				CLANG_WARN_DOCUMENTATION_COMMENTS = YES;
				CLANG_WARN_EMPTY_BODY = YES;
				CLANG_WARN_ENUM_CONVERSION = YES;
				CLANG_WARN_INFINITE_RECURSION = YES;
				CLANG_WARN_INT_CONVERSION = YES;
				CLANG_WARN_NON_LITERAL_NULL_CONVERSION = YES;
				CLANG_WARN_OBJC_IMPLICIT_RETAIN_SELF = YES;
				CLANG_WARN_OBJC_LITERAL_CONVERSION = YES;
				CLANG_WARN_OBJC_ROOT_CLASS = YES_ERROR;
				CLANG_WARN_QUOTED_INCLUDE_IN_FRAMEWORK_HEADER = YES;
				CLANG_WARN_RANGE_LOOP_ANALYSIS = YES;
				CLANG_WARN_STRICT_PROTOTYPES = YES;
				CLANG_WARN_SUSPICIOUS_MOVE = YES;
				CLANG_WARN_UNGUARDED_AVAILABILITY = YES_AGGRESSIVE;
				CLANG_WARN_UNREACHABLE_CODE = YES;
				CLANG_WARN__DUPLICATE_METHOD_MATCH = YES;
				COPY_PHASE_STRIP = NO;
				DEBUG_INFORMATION_FORMAT = "dwarf-with-dsym";
				ENABLE_NS_ASSERTIONS = NO;
				ENABLE_STRICT_OBJC_MSGSEND = YES;
				ENABLE_USER_SCRIPT_SANDBOXING = YES;
				GCC_C_LANGUAGE_STANDARD = gnu17;
				GCC_NO_COMMON_BLOCKS = YES;
				GCC_WARN_64_TO_32_BIT_CONVERSION = YES;
				GCC_WARN_ABOUT_RETURN_TYPE = YES_ERROR;
				GCC_WARN_UNDECLARED_SELECTOR = YES;
				GCC_WARN_UNINITIALIZED_AUTOS = YES_AGGRESSIVE;
				GCC_WARN_UNUSED_FUNCTION = YES;
				GCC_WARN_UNUSED_VARIABLE = YES;
				IPHONEOS_DEPLOYMENT_TARGET = 17.5;
				LOCALIZATION_PREFERS_STRING_CATALOGS = YES;
				MTL_ENABLE_DEBUG_INFO = NO;
				MTL_FAST_MATH = YES;
				SDKROOT = iphoneos;
				SWIFT_COMPILATION_MODE = wholemodule;
				VALIDATE_PRODUCT = YES;
			};
			name = Release;
		};
		0F31288C2CAB28280090C95D /* Debug */ = {
			isa = XCBuildConfiguration;
			buildSettings = {
				ASSETCATALOG_COMPILER_APPICON_NAME = AppIcon;
				ASSETCATALOG_COMPILER_GLOBAL_ACCENT_COLOR_NAME = AccentColor;
				CODE_SIGN_STYLE = Automatic;
				CURRENT_PROJECT_VERSION = 1;
				GENERATE_INFOPLIST_FILE = YES;
				INFOPLIST_FILE = "bubilet-homepage-clone/Info.plist";
				INFOPLIST_KEY_UIApplicationSupportsIndirectInputEvents = YES;
				INFOPLIST_KEY_UILaunchStoryboardName = LaunchScreen;
				INFOPLIST_KEY_UIMainStoryboardFile = Main;
				INFOPLIST_KEY_UISupportedInterfaceOrientations_iPad = "UIInterfaceOrientationPortrait UIInterfaceOrientationPortraitUpsideDown UIInterfaceOrientationLandscapeLeft UIInterfaceOrientationLandscapeRight";
				INFOPLIST_KEY_UISupportedInterfaceOrientations_iPhone = "UIInterfaceOrientationPortrait UIInterfaceOrientationLandscapeLeft UIInterfaceOrientationLandscapeRight";
				LD_RUNPATH_SEARCH_PATHS = (
					"$(inherited)",
					"@executable_path/Frameworks",
				);
				MARKETING_VERSION = 1.0;
				PRODUCT_BUNDLE_IDENTIFIER = "com.info.bubilet-homepage-clone";
				PRODUCT_NAME = "$(TARGET_NAME)";
				SWIFT_EMIT_LOC_STRINGS = YES;
				SWIFT_VERSION = 5.0;
				TARGETED_DEVICE_FAMILY = "1,2";
			};
			name = Debug;
		};
		0F31288D2CAB28280090C95D /* Release */ = {
			isa = XCBuildConfiguration;
			buildSettings = {
				ASSETCATALOG_COMPILER_APPICON_NAME = AppIcon;
				ASSETCATALOG_COMPILER_GLOBAL_ACCENT_COLOR_NAME = AccentColor;
				CODE_SIGN_STYLE = Automatic;
				CURRENT_PROJECT_VERSION = 1;
				GENERATE_INFOPLIST_FILE = YES;
				INFOPLIST_FILE = "bubilet-homepage-clone/Info.plist";
				INFOPLIST_KEY_UIApplicationSupportsIndirectInputEvents = YES;
				INFOPLIST_KEY_UILaunchStoryboardName = LaunchScreen;
				INFOPLIST_KEY_UIMainStoryboardFile = Main;
				INFOPLIST_KEY_UISupportedInterfaceOrientations_iPad = "UIInterfaceOrientationPortrait UIInterfaceOrientationPortraitUpsideDown UIInterfaceOrientationLandscapeLeft UIInterfaceOrientationLandscapeRight";
				INFOPLIST_KEY_UISupportedInterfaceOrientations_iPhone = "UIInterfaceOrientationPortrait UIInterfaceOrientationLandscapeLeft UIInterfaceOrientationLandscapeRight";
				LD_RUNPATH_SEARCH_PATHS = (
					"$(inherited)",
					"@executable_path/Frameworks",
				);
				MARKETING_VERSION = 1.0;
				PRODUCT_BUNDLE_IDENTIFIER = "com.info.bubilet-homepage-clone";
				PRODUCT_NAME = "$(TARGET_NAME)";
				SWIFT_EMIT_LOC_STRINGS = YES;
				SWIFT_VERSION = 5.0;
				TARGETED_DEVICE_FAMILY = "1,2";
			};
			name = Release;
		};
/* End XCBuildConfiguration section */

/* Begin XCConfigurationList section */
		0F3128722CAB28270090C95D /* Build configuration list for PBXProject "bubilet-homepage-clone" */ = {
			isa = XCConfigurationList;
			buildConfigurations = (
				0F3128892CAB28280090C95D /* Debug */,
				0F31288A2CAB28280090C95D /* Release */,
			);
			defaultConfigurationIsVisible = 0;
			defaultConfigurationName = Release;
		};
		0F31288B2CAB28280090C95D /* Build configuration list for PBXNativeTarget "bubilet-homepage-clone" */ = {
			isa = XCConfigurationList;
			buildConfigurations = (
				0F31288C2CAB28280090C95D /* Debug */,
				0F31288D2CAB28280090C95D /* Release */,
			);
			defaultConfigurationIsVisible = 0;
			defaultConfigurationName = Release;
		};
/* End XCConfigurationList section */
	};
	rootObject = 0F31286F2CAB28270090C95D /* Project object */;
}
